{
  "name": "chatplug-mobile",
  "version": "0.0.1",
  "lockfileVersion": 1,
  "requires": true,
  "dependencies": {
    "@types/node": {
      "version": "10.11.3",
      "resolved": "https://registry.npmjs.org/@types/node/-/node-10.11.3.tgz",
      "integrity": "sha512-3AvcEJAh9EMatxs+OxAlvAEs7OTy6AG94mcH1iqyVDwVVndekLxzwkWQ/Z4SDbY6GO2oyUXyWW8tQ4rENSSQVQ=="
    },
    "@types/prop-types": {
      "version": "15.5.6",
      "resolved": "https://registry.npmjs.org/@types/prop-types/-/prop-types-15.5.6.tgz",
      "integrity": "sha512-ZBFR7TROLVzCkswA3Fmqq+IIJt62/T7aY/Dmz+QkU7CaW2QFqAitCE8Ups7IzmGhcN1YWMBT4Qcoc07jU9hOJQ=="
    },
    "@types/react": {
      "version": "16.4.14",
      "resolved": "https://registry.npmjs.org/@types/react/-/react-16.4.14.tgz",
      "integrity": "sha512-Gh8irag2dbZ2K6vPn+S8+LNrULuG3zlCgJjVUrvuiUK7waw9d9CFk2A/tZFyGhcMDUyO7tznbx1ZasqlAGjHxA==",
      "requires": {
        "@types/prop-types": "*",
        "csstype": "^2.2.0"
      }
    },
    "@types/react-native": {
      "version": "0.57.0",
      "resolved": "https://registry.npmjs.org/@types/react-native/-/react-native-0.57.0.tgz",
      "integrity": "sha512-eJPaY7SIx9R7UlYxmV/h/8gJHfgIYDu0nqmZy9FlY8sB8zOA7moa15FsouFe46illwOBLeT8S0iAwrOirp9mbA==",
      "requires": {
        "@types/prop-types": "*",
        "@types/react": "*"
      }
    },
    "@types/react-navigation": {
      "version": "2.0.23",
      "resolved": "https://registry.npmjs.org/@types/react-navigation/-/react-navigation-2.0.23.tgz",
      "integrity": "sha512-87qAxx7LjRBckx5j2Si7y7SCiF5W3uIdQx/ct/0m+AH8an7E7Fb6s/c+bWD4DCDu9sk+stwVQWEF8dHdJ6nIwQ==",
      "requires": {
        "@types/react": "*",
        "@types/react-native": "*"
      }
    },
    "@types/styled-components": {
      "version": "3.0.1",
      "resolved": "https://registry.npmjs.org/@types/styled-components/-/styled-components-3.0.1.tgz",
      "integrity": "sha512-H9RYkx3jQnL1VCvIie8dXQAnpgEgOMUnvuOy6B7DMiNal2gLdY6/aT1BHptxXxH/CVdWk/K8ouk78AtSK84yYw==",
      "requires": {
        "@types/node": "*",
        "@types/react": "*"
      }
    },
    "csstype": {
      "version": "2.5.7",
      "resolved": "https://registry.npmjs.org/csstype/-/csstype-2.5.7.tgz",
      "integrity": "sha512-Nt5VDyOTIIV4/nRFswoCKps1R5CD1hkiyjBE9/thNaNZILLEviVw9yWQw15+O+CpNjQKB/uvdcxFFOrSflY3Yw=="
    }
  }
}
